
Microsoft Visual Studio Solution File, Format Version 12.00
# Visual Studio 15
VisualStudioVersion = 15.0.27703.2042
MinimumVisualStudioVersion = 10.0.40219.1
Project("{FAE04EC0-301F-11D3-BF4B-00C04F79EFBC}") = "SoundRecognition", "SoundRecognition\SoundRecognition.csproj", "{81784AB0-8DE8-436A-AA6A-44E449BCFDB1}"
EndProject
Global
	GlobalSection(SolutionConfigurationPlatforms) = preSolution
		Debug|Any CPU = Debug|Any CPU
		Release|Any CPU = Release|Any CPU
	EndGlobalSection
	GlobalSection(ProjectConfigurationPlatforms) = postSolution
		{81784AB0-8DE8-436A-AA6A-44E449BCFDB1}.Debug|Any CPU.ActiveCfg = Debug|Any CPU
		{81784AB0-8DE8-436A-AA6A-44E449BCFDB1}.Debug|Any CPU.Build.0 = Debug|Any CPU
		{81784AB0-8DE8-436A-AA6A-44E449BCFDB1}.Release|Any CPU.ActiveCfg = Release|Any CPU
		{81784AB0-8DE8-436A-AA6A-44E449BCFDB1}.Release|Any CPU.Build.0 = Release|Any CPU
	EndGlobalSection
	GlobalSection(SolutionProperties) = preSolution
		HideSolutionNode = FALSE
	EndGlobalSection
	GlobalSection(ExtensibilityGlobals) = postSolution
		SolutionGuid = {46355426-E106-4567-8615-21E514C31806}
	EndGlobalSection
EndGlobal
